Microsoft Visual Studio Solution File, Format Version 12.00
# Visual Studio 2012
Project("{FAE04EC0-301F-11D3-BF4B-00C04F79EFBC}") = "SpreadsheetToDatabase", "SpreadsheetToDatabase\SpreadsheetToDatabase.csproj", "{60FCD659-BBAF-4A4F-BD25-65BE9AFA77D7}"
EndProject
Global
	GlobalSection(SolutionConfigurationPlatforms) = preSolution
		Debug|Any CPU = Debug|Any CPU
		Release|Any CPU = Release|Any CPU
	EndGlobalSection
	GlobalSection(ProjectConfigurationPlatforms) = postSolution
		{60FCD659-BBAF-4A4F-BD25-65BE9AFA77D7}.Debug|Any CPU.ActiveCfg = Debug|Any CPU
		{60FCD659-BBAF-4A4F-BD25-65BE9AFA77D7}.Debug|Any CPU.Build.0 = Debug|Any CPU
		{60FCD659-BBAF-4A4F-BD25-65BE9AFA77D7}.Release|Any CPU.ActiveCfg = Release|Any CPU
		{60FCD659-BBAF-4A4F-BD25-65BE9AFA77D7}.Release|Any CPU.Build.0 = Release|Any CPU
	EndGlobalSection
	GlobalSection(SolutionProperties) = preSolution
		HideSolutionNode = FALSE
	EndGlobalSection
EndGlobal
